{
  "name": "code",
  "version": "1.0.0",
  "lockfileVersion": 3,
  "requires": true,
  "packages": {
    "": {
      "name": "code",
      "version": "1.0.0",
      "license": "ISC",
      "dependencies": {
        "locale": "^0.1.0"
      }
    },
    "node_modules/locale": {
      "version": "0.1.0",
      "resolved": "https://registry.npmjs.org/locale/-/locale-0.1.0.tgz",
      "integrity": "sha512-rY3ZMnUkMfaZEix1fp/pjdwsHJkDQcE0UEcXHuYI77J03K8gddL3iD+UuJCLAmT2Z2oz5A70/0QS4J9OLCCvXw==",
      "engines": {
        "node": ">0.8.x"
      }
    }
  }
}
